# This file is automatically @generated by Cargo.
# It is not intended for manual editing.
[[package]]
name = "addr2line"
version = "0.14.1"
source = "registry+https://github.com/rust-lang/crates.io-index"
checksum = "a55f82cfe485775d02112886f4169bde0c5894d75e79ead7eafe7e40a25e45f7"
dependencies = [
 "gimli",
]

[[package]]
name = "adler"
version = "1.0.2"
source = "registry+https://github.com/rust-lang/crates.io-index"
checksum = "f26201604c87b1e01bd3d98f8d5d9a8fcbb815e8cedb41ffccbeb4bf593a35fe"

[[package]]
name = "ansi_term"
version = "0.12.1"
source = "registry+https://github.com/rust-lang/crates.io-index"
checksum = "d52a9bb7ec0cf484c551830a7ce27bd20d67eac647e1befb56b0be4ee39a55d2"
dependencies = [
 "winapi",
]

[[package]]
name = "arrayref"
version = "0.3.6"
source = "registry+https://github.com/rust-lang/crates.io-index"
checksum = "a4c527152e37cf757a3f78aae5a06fbeefdb07ccc535c980a3208ee3060dd544"

[[package]]
name = "arrayvec"
version = "0.5.2"
source = "registry+https://github.com/rust-lang/crates.io-index"
checksum = "23b62fc65de8e4e7f52534fb52b0f3ed04746ae267519eef2a83941e8085068b"

[[package]]
name = "autocfg"
version = "0.1.7"
source = "registry+https://github.com/rust-lang/crates.io-index"
checksum = "1d49d90015b3c36167a20fe2810c5cd875ad504b39cff3d4eae7977e6b7c1cb2"

[[package]]
name = "autocfg"
version = "1.0.1"
source = "registry+https://github.com/rust-lang/crates.io-index"
checksum = "cdb031dd78e28731d87d56cc8ffef4a8f36ca26c38fe2de700543e627f8a464a"

[[package]]
name = "backtrace"
version = "0.3.56"
source = "registry+https://github.com/rust-lang/crates.io-index"
checksum = "9d117600f438b1707d4e4ae15d3595657288f8235a0eb593e80ecc98ab34e1bc"
dependencies = [
 "addr2line",
 "cfg-if 1.0.0",
 "libc",
 "miniz_oxide",
 "object",
 "rustc-demangle",
]

[[package]]
name = "base64"
version = "0.13.0"
source = "registry+https://github.com/rust-lang/crates.io-index"
checksum = "904dfeac50f3cdaba28fc6f57fdcddb75f49ed61346676a78c4ffe55877802fd"

[[package]]
name = "bitflags"
version = "1.2.1"
source = "registry+https://github.com/rust-lang/crates.io-index"
checksum = "cf1de2fe8c75bc145a2f577add951f8134889b4795d47466a54a5c846d691693"

[[package]]
name = "blake2b_simd"
version = "0.5.11"
source = "registry+https://github.com/rust-lang/crates.io-index"
checksum = "afa748e348ad3be8263be728124b24a24f268266f6f5d58af9d75f6a40b5c587"
dependencies = [
 "arrayref",
 "arrayvec",
 "constant_time_eq",
]

[[package]]
name = "block-buffer"
version = "0.7.3"
source = "registry+https://github.com/rust-lang/crates.io-index"
checksum = "c0940dc441f31689269e10ac70eb1002a3a1d3ad1390e030043662eb7fe4688b"
dependencies = [
 "block-padding",
 "byte-tools",
 "byteorder",
 "generic-array 0.12.4",
]

[[package]]
name = "block-buffer"
version = "0.9.0"
source = "registry+https://github.com/rust-lang/crates.io-index"
checksum = "4152116fd6e9dadb291ae18fc1ec3575ed6d84c29642d97890f4b4a3417297e4"
dependencies = [
 "generic-array 0.14.4",
]

[[package]]
name = "block-padding"
version = "0.1.5"
source = "registry+https://github.com/rust-lang/crates.io-index"
checksum = "fa79dedbb091f449f1f39e53edf88d5dbe95f895dae6135a8d7b881fb5af73f5"
dependencies = [
 "byte-tools",
]

[[package]]
name = "bs58"
version = "0.4.0"
source = "registry+https://github.com/rust-lang/crates.io-index"
checksum = "771fe0050b883fcc3ea2359b1a96bcfbc090b7116eae7c3c512c7a083fdf23d3"

[[package]]
name = "byte-tools"
version = "0.3.1"
source = "registry+https://github.com/rust-lang/crates.io-index"
checksum = "e3b5ca7a04898ad4bcd41c90c5285445ff5b791899bb1b0abdd2a2aa791211d7"

[[package]]
name = "byteorder"
version = "1.4.3"
source = "registry+https://github.com/rust-lang/crates.io-index"
checksum = "14c189c53d098945499cdfa7ecc63567cf3886b3332b312a5b4585d8d3a6a610"

[[package]]
name = "cfg-if"
version = "0.1.10"
source = "registry+https://github.com/rust-lang/crates.io-index"
checksum = "4785bdd1c96b2a846b2bd7cc02e86b6b3dbf14e7e53446c4f54c92a361040822"

[[package]]
name = "cfg-if"
version = "1.0.0"
source = "registry+https://github.com/rust-lang/crates.io-index"
checksum = "baf1de4339761588bc0619e3cbc0120ee582ebb74b53b4efbf79117bd2da40fd"

[[package]]
name = "chrono"
version = "0.4.19"
source = "registry+https://github.com/rust-lang/crates.io-index"
checksum = "670ad68c9088c2a963aaa298cb369688cf3f9465ce5e2d4ca10e6e0098a1ce73"
dependencies = [
 "libc",
 "num-integer",
 "num-traits",
 "serde",
 "time",
 "winapi",
]

[[package]]
name = "cloudabi"
version = "0.0.3"
source = "registry+https://github.com/rust-lang/crates.io-index"
checksum = "ddfc5b9aa5d4507acaf872de71051dfd0e309860e88966e1051e462a077aac4f"
dependencies = [
 "bitflags",
]

[[package]]
name = "constant_time_eq"
version = "0.1.5"
source = "registry+https://github.com/rust-lang/crates.io-index"
checksum = "245097e9a4535ee1e3e3931fcfcd55a796a44c643e8596ff6566d68f09b87bbc"

[[package]]
name = "convert_case"
version = "0.4.0"
source = "registry+https://github.com/rust-lang/crates.io-index"
checksum = "6245d59a3e82a7fc217c5828a6692dbc6dfb63a0c8c90495621f7b9d79704a0e"

[[package]]
name = "cpuid-bool"
version = "0.1.2"
source = "registry+https://github.com/rust-lang/crates.io-index"
checksum = "8aebca1129a03dc6dc2b127edd729435bbc4a37e1d5f4d7513165089ceb02634"

[[package]]
name = "crunchy"
version = "0.2.2"
source = "registry+https://github.com/rust-lang/crates.io-index"
checksum = "7a81dae078cea95a014a339291cec439d2f232ebe854a9d672b796c6afafa9b7"

[[package]]
name = "crypto-mac"
version = "0.7.0"
source = "registry+https://github.com/rust-lang/crates.io-index"
checksum = "4434400df11d95d556bac068ddfedd482915eb18fe8bea89bc80b6e4b1c179e5"
dependencies = [
 "generic-array 0.12.4",
 "subtle 1.0.0",
]

[[package]]
name = "curve25519-dalek"
version = "3.0.2"
source = "registry+https://github.com/rust-lang/crates.io-index"
checksum = "f627126b946c25a4638eec0ea634fc52506dea98db118aae985118ce7c3d723f"
dependencies = [
 "byteorder",
 "digest 0.9.0",
 "rand_core 0.5.1",
 "subtle 2.4.0",
 "zeroize",
]

[[package]]
name = "darling"
version = "0.10.2"
source = "registry+https://github.com/rust-lang/crates.io-index"
checksum = "0d706e75d87e35569db781a9b5e2416cff1236a47ed380831f959382ccd5f858"
dependencies = [
 "darling_core",
 "darling_macro",
]

[[package]]
name = "darling_core"
version = "0.10.2"
source = "registry+https://github.com/rust-lang/crates.io-index"
checksum = "f0c960ae2da4de88a91b2d920c2a7233b400bc33cb28453a2987822d8392519b"
dependencies = [
 "fnv",
 "ident_case",
 "proc-macro2 1.0.24",
 "quote 1.0.9",
 "strsim",
 "syn 1.0.67",
]

[[package]]
name = "darling_macro"
version = "0.10.2"
source = "registry+https://github.com/rust-lang/crates.io-index"
checksum = "d9b5a2f4ac4969822c62224815d069952656cadc7084fdca9751e6d959189b72"
dependencies = [
 "darling_core",
 "quote 1.0.9",
 "syn 1.0.67",
]

[[package]]
name = "derive_builder"
version = "0.9.0"
source = "registry+https://github.com/rust-lang/crates.io-index"
checksum = "a2658621297f2cf68762a6f7dc0bb7e1ff2cfd6583daef8ee0fed6f7ec468ec0"
dependencies = [
 "darling",
 "derive_builder_core",
 "proc-macro2 1.0.24",
 "quote 1.0.9",
 "syn 1.0.67",
]

[[package]]
name = "derive_builder_core"
version = "0.9.0"
source = "registry+https://github.com/rust-lang/crates.io-index"
checksum = "2791ea3e372c8495c0bc2033991d76b512cd799d07491fbd6890124db9458bef"
dependencies = [
 "darling",
 "proc-macro2 1.0.24",
 "quote 1.0.9",
 "syn 1.0.67",
]

[[package]]
name = "derive_more"
version = "0.99.13"
source = "registry+https://github.com/rust-lang/crates.io-index"
checksum = "f82b1b72f1263f214c0f823371768776c4f5841b942c9883aa8e5ec584fd0ba6"
dependencies = [
 "convert_case",
 "proc-macro2 1.0.24",
 "quote 1.0.9",
 "syn 1.0.67",
]

[[package]]
name = "did_doc"
version = "0.3.1"
source = "git+https://github.com/dhuseby/did#f5514bd5aaa872ef1478e532ca1f0c57d60ba017"
dependencies = [
 "failure",
 "indexmap",
 "log",
 "nom",
 "serde",
 "serde_derive",
 "serde_json",
 "strum 0.15.0",
 "strum_macros 0.15.0",
 "void",
]

[[package]]
name = "did_profiles"
version = "0.1.0"
dependencies = [
 "bs58",
 "chrono",
 "derive_more",
 "did_doc",
 "ed25519-dalek",
 "hdk",
 "hex",
 "libsecp256k1",
 "serde",
]

[[package]]
name = "digest"
version = "0.8.1"
source = "registry+https://github.com/rust-lang/crates.io-index"
checksum = "f3d0c8c8752312f9713efd397ff63acb9f85585afbf179282e720e7704954dd5"
dependencies = [
 "generic-array 0.12.4",
]

[[package]]
name = "digest"
version = "0.9.0"
source = "registry+https://github.com/rust-lang/crates.io-index"
checksum = "d3dd60d1080a57a05ab032377049e0591415d2b31afd7028356dbf3cc6dcb066"
dependencies = [
 "generic-array 0.14.4",
]

[[package]]
name = "ed25519"
version = "1.0.3"
source = "registry+https://github.com/rust-lang/crates.io-index"
checksum = "37c66a534cbb46ab4ea03477eae19d5c22c01da8258030280b7bd9d8433fb6ef"
dependencies = [
 "signature",
]

[[package]]
name = "ed25519-dalek"
version = "1.0.1"
source = "registry+https://github.com/rust-lang/crates.io-index"
checksum = "c762bae6dcaf24c4c84667b8579785430908723d5c889f469d76a41d59cc7a9d"
dependencies = [
 "curve25519-dalek",
 "ed25519",
 "rand 0.7.3",
 "serde",
 "sha2 0.9.3",
 "zeroize",
]

[[package]]
name = "either"
version = "1.6.1"
source = "registry+https://github.com/rust-lang/crates.io-index"
checksum = "e78d4f1cc4ae33bbfc157ed5d5a5ef3bc29227303d595861deb238fcec4e9457"

[[package]]
name = "failure"
version = "0.1.8"
source = "registry+https://github.com/rust-lang/crates.io-index"
checksum = "d32e9bd16cc02eae7db7ef620b392808b89f6a5e16bb3497d159c6b92a0f4f86"
dependencies = [
 "backtrace",
 "failure_derive",
]

[[package]]
name = "failure_derive"
version = "0.1.8"
source = "registry+https://github.com/rust-lang/crates.io-index"
checksum = "aa4da3c766cd7a0db8242e326e9e4e081edd567072893ed320008189715366a4"
dependencies = [
 "proc-macro2 1.0.24",
 "quote 1.0.9",
 "syn 1.0.67",
 "synstructure",
]

[[package]]
name = "fake-simd"
version = "0.1.2"
source = "registry+https://github.com/rust-lang/crates.io-index"
checksum = "e88a8acf291dafb59c2d96e8f59828f3838bb1a70398823ade51a84de6a6deed"

[[package]]
name = "fixt"
version = "0.0.2-alpha.1"
source = "git+https://github.com/holochain/holochain?rev=1ff2cc2935e6a2bfbb95aef5f2860eb09b467b49#1ff2cc2935e6a2bfbb95aef5f2860eb09b467b49"
dependencies = [
 "holochain_serialized_bytes",
 "lazy_static",
 "parking_lot 0.10.2",
 "paste",
 "rand 0.7.3",
 "rand_core 0.5.1",
 "serde",
 "strum 0.18.0",
 "strum_macros 0.18.0",
]

[[package]]
name = "fnv"
version = "1.0.7"
source = "registry+https://github.com/rust-lang/crates.io-index"
checksum = "3f9eec918d3f24069decb9af1554cad7c880e2da24a9afd88aca000531ab82c1"

[[package]]
name = "fuchsia-cprng"
version = "0.1.1"
source = "registry+https://github.com/rust-lang/crates.io-index"
checksum = "a06f77d526c1a601b7c4cdd98f54b5eaabffc14d5f2f0296febdc7f357c6d3ba"

[[package]]
name = "generic-array"
version = "0.12.4"
source = "registry+https://github.com/rust-lang/crates.io-index"
checksum = "ffdf9f34f1447443d37393cc6c2b8313aebddcd96906caf34e54c68d8e57d7bd"
dependencies = [
 "typenum",
]

[[package]]
name = "generic-array"
version = "0.14.4"
source = "registry+https://github.com/rust-lang/crates.io-index"
checksum = "501466ecc8a30d1d3b7fc9229b122b2ce8ed6e9d9223f1138d4babb253e51817"
dependencies = [
 "typenum",
 "version_check",
]

[[package]]
name = "getrandom"
version = "0.1.16"
source = "registry+https://github.com/rust-lang/crates.io-index"
checksum = "8fc3cb4d91f53b50155bdcfd23f6a4c39ae1969c2ae85982b135750cccaf5fce"
dependencies = [
 "cfg-if 1.0.0",
 "libc",
 "wasi 0.9.0+wasi-snapshot-preview1",
]

[[package]]
name = "gimli"
version = "0.23.0"
source = "registry+https://github.com/rust-lang/crates.io-index"
checksum = "f6503fe142514ca4799d4c26297c4248239fe8838d827db6bd6065c6ed29a6ce"

[[package]]
name = "hashbrown"
version = "0.9.1"
source = "registry+https://github.com/rust-lang/crates.io-index"
checksum = "d7afe4a420e3fe79967a00898cc1f4db7c8a49a9333a29f8a4bd76a253d5cd04"

[[package]]
name = "hdk"
version = "0.0.101-alpha.0"
source = "git+https://github.com/holochain/holochain?rev=1ff2cc2935e6a2bfbb95aef5f2860eb09b467b49#1ff2cc2935e6a2bfbb95aef5f2860eb09b467b49"
dependencies = [
 "hdk_derive",
 "holo_hash",
 "holochain_wasmer_guest",
 "holochain_zome_types",
 "paste",
 "serde",
 "serde_bytes",
 "thiserror",
 "tracing",
 "tracing-core",
 "tracing-subscriber",
]

[[package]]
name = "hdk_derive"
version = "0.0.2-alpha.1"
source = "git+https://github.com/holochain/holochain?rev=1ff2cc2935e6a2bfbb95aef5f2860eb09b467b49#1ff2cc2935e6a2bfbb95aef5f2860eb09b467b49"
dependencies = [
 "holochain_zome_types",
 "paste",
 "proc-macro2 1.0.24",
 "quote 1.0.9",
 "syn 1.0.67",
]

[[package]]
name = "heck"
version = "0.3.2"
source = "registry+https://github.com/rust-lang/crates.io-index"
checksum = "87cbf45460356b7deeb5e3415b5563308c0a9b057c85e12b06ad551f98d0a6ac"
dependencies = [
 "unicode-segmentation",
]

[[package]]
name = "hex"
version = "0.4.3"
source = "registry+https://github.com/rust-lang/crates.io-index"
checksum = "7f24254aa9a54b5c858eaee2f5bccdb46aaf0e486a595ed5fd8f86ba55232a70"

[[package]]
name = "hmac"
version = "0.7.1"
source = "registry+https://github.com/rust-lang/crates.io-index"
checksum = "5dcb5e64cda4c23119ab41ba960d1e170a774c8e4b9d9e6a9bc18aabf5e59695"
dependencies = [
 "crypto-mac",
 "digest 0.8.1",
]

[[package]]
name = "hmac-drbg"
version = "0.2.0"
source = "registry+https://github.com/rust-lang/crates.io-index"
checksum = "c6e570451493f10f6581b48cdd530413b63ea9e780f544bfd3bdcaa0d89d1a7b"
dependencies = [
 "digest 0.8.1",
 "generic-array 0.12.4",
 "hmac",
]

[[package]]
name = "holo_hash"
version = "0.0.2-alpha.1"
source = "git+https://github.com/holochain/holochain?rev=1ff2cc2935e6a2bfbb95aef5f2860eb09b467b49#1ff2cc2935e6a2bfbb95aef5f2860eb09b467b49"
dependencies = [
 "base64",
 "blake2b_simd",
 "derive_more",
 "fixt",
 "holochain_serialized_bytes",
 "rand 0.7.3",
 "serde",
 "serde_bytes",
 "thiserror",
]

[[package]]
name = "holochain_serialized_bytes"
version = "0.0.50"
source = "registry+https://github.com/rust-lang/crates.io-index"
checksum = "e77d1f384e8c8908f12d12301d5fc7861779fa68e6f74078d8876ed6aedf7eab"
dependencies = [
 "holochain_serialized_bytes_derive",
 "rmp-serde",
 "serde",
 "serde-transcode",
 "serde_bytes",
 "serde_json",
 "thiserror",
]

[[package]]
name = "holochain_serialized_bytes_derive"
version = "0.0.50"
source = "registry+https://github.com/rust-lang/crates.io-index"
checksum = "085fe272d95591beeffe3e37c2996372c399baf33bc60ca88ae0906ce4d52207"
dependencies = [
 "quote 1.0.9",
 "syn 1.0.67",
]

[[package]]
name = "holochain_wasmer_common"
version = "0.0.67"
source = "git+https://github.com/holochain/holochain-wasmer.git?tag=v0.0.69#850b8811730d4adecf490ca8f8df2d16ba3024e9"
dependencies = [
 "holochain_serialized_bytes",
 "serde",
 "serde_bytes",
 "thiserror",
]

[[package]]
name = "holochain_wasmer_guest"
version = "0.0.67"
source = "git+https://github.com/holochain/holochain-wasmer.git?tag=v0.0.69#850b8811730d4adecf490ca8f8df2d16ba3024e9"
dependencies = [
 "holochain_serialized_bytes",
 "holochain_wasmer_common",
 "parking_lot 0.11.1",
 "serde",
 "tracing",
]

[[package]]
name = "holochain_zome_types"
version = "0.0.2-alpha.1"
source = "git+https://github.com/holochain/holochain?rev=1ff2cc2935e6a2bfbb95aef5f2860eb09b467b49#1ff2cc2935e6a2bfbb95aef5f2860eb09b467b49"
dependencies = [
 "chrono",
 "derive_builder",
 "fixt",
 "holo_hash",
 "holochain_serialized_bytes",
 "nanoid",
 "paste",
 "rand 0.7.3",
 "serde",
 "serde_bytes",
 "shrinkwraprs",
 "strum 0.18.0",
 "subtle 2.4.0",
 "thiserror",
 "tracing",
]

[[package]]
name = "ident_case"
version = "1.0.1"
source = "registry+https://github.com/rust-lang/crates.io-index"
checksum = "b9e0384b61958566e926dc50660321d12159025e767c18e043daf26b70104c39"

[[package]]
name = "indexmap"
version = "1.6.2"
source = "registry+https://github.com/rust-lang/crates.io-index"
checksum = "824845a0bf897a9042383849b02c1bc219c2383772efcd5c6f9766fa4b81aef3"
dependencies = [
 "autocfg 1.0.1",
 "hashbrown",
 "serde",
]

[[package]]
name = "instant"
version = "0.1.9"
source = "registry+https://github.com/rust-lang/crates.io-index"
checksum = "61124eeebbd69b8190558df225adf7e4caafce0d743919e5d6b19652314ec5ec"
dependencies = [
 "cfg-if 1.0.0",
]

[[package]]
name = "itertools"
version = "0.8.2"
source = "registry+https://github.com/rust-lang/crates.io-index"
checksum = "f56a2d0bc861f9165be4eb3442afd3c236d8a98afd426f65d92324ae1091a484"
dependencies = [
 "either",
]

[[package]]
name = "itoa"
version = "0.4.7"
source = "registry+https://github.com/rust-lang/crates.io-index"
checksum = "dd25036021b0de88a0aff6b850051563c6516d0bf53f8638938edbb9de732736"

[[package]]
name = "lazy_static"
version = "1.4.0"
source = "registry+https://github.com/rust-lang/crates.io-index"
checksum = "e2abad23fbc42b3700f2f279844dc832adb2b2eb069b2df918f455c4e18cc646"

[[package]]
name = "lexical-core"
version = "0.7.5"
source = "registry+https://github.com/rust-lang/crates.io-index"
checksum = "21f866863575d0e1d654fbeeabdc927292fdf862873dc3c96c6f753357e13374"
dependencies = [
 "arrayvec",
 "bitflags",
 "cfg-if 1.0.0",
 "ryu",
 "static_assertions",
]

[[package]]
name = "libc"
version = "0.2.92"
source = "registry+https://github.com/rust-lang/crates.io-index"
checksum = "56d855069fafbb9b344c0f962150cd2c1187975cb1c22c1522c240d8c4986714"

[[package]]
name = "libsecp256k1"
version = "0.3.5"
source = "registry+https://github.com/rust-lang/crates.io-index"
checksum = "1fc1e2c808481a63dc6da2074752fdd4336a3c8fcc68b83db6f1fd5224ae7962"
dependencies = [
 "arrayref",
 "crunchy",
 "digest 0.8.1",
 "hmac-drbg",
 "rand 0.7.3",
 "sha2 0.8.2",
 "subtle 2.4.0",
 "typenum",
]

[[package]]
name = "lock_api"
version = "0.3.4"
source = "registry+https://github.com/rust-lang/crates.io-index"
checksum = "c4da24a77a3d8a6d4862d95f72e6fdb9c09a643ecdb402d754004a557f2bec75"
dependencies = [
 "scopeguard",
]

[[package]]
name = "lock_api"
version = "0.4.4"
source = "registry+https://github.com/rust-lang/crates.io-index"
checksum = "0382880606dff6d15c9476c416d18690b72742aa7b605bb6dd6ec9030fbf07eb"
dependencies = [
 "scopeguard",
]

[[package]]
name = "log"
version = "0.4.14"
source = "registry+https://github.com/rust-lang/crates.io-index"
checksum = "51b9bbe6c47d51fc3e1a9b945965946b4c44142ab8792c50835a980d362c2710"
dependencies = [
 "cfg-if 1.0.0",
]

[[package]]
name = "matchers"
version = "0.0.1"
source = "registry+https://github.com/rust-lang/crates.io-index"
checksum = "f099785f7595cc4b4553a174ce30dd7589ef93391ff414dbb67f62392b9e0ce1"
dependencies = [
 "regex-automata",
]

[[package]]
name = "memchr"
version = "2.3.4"
source = "registry+https://github.com/rust-lang/crates.io-index"
checksum = "0ee1c47aaa256ecabcaea351eae4a9b01ef39ed810004e298d2511ed284b1525"

[[package]]
name = "miniz_oxide"
version = "0.4.4"
source = "registry+https://github.com/rust-lang/crates.io-index"
checksum = "a92518e98c078586bc6c934028adcca4c92a53d6a958196de835170a01d84e4b"
dependencies = [
 "adler",
 "autocfg 1.0.1",
]

[[package]]
name = "nanoid"
version = "0.3.0"
source = "registry+https://github.com/rust-lang/crates.io-index"
checksum = "a6226bc4e142124cb44e309a37a04cd9bb10e740d8642855441d3b14808f635e"
dependencies = [
 "rand 0.6.5",
]

[[package]]
name = "nom"
version = "5.1.2"
source = "registry+https://github.com/rust-lang/crates.io-index"
checksum = "ffb4262d26ed83a1c0a33a38fe2bb15797329c85770da05e6b828ddb782627af"
dependencies = [
 "lexical-core",
 "memchr",
 "version_check",
]

[[package]]
name = "num-integer"
version = "0.1.44"
source = "registry+https://github.com/rust-lang/crates.io-index"
checksum = "d2cc698a63b549a70bc047073d2949cce27cd1c7b0a4a862d08a8031bc2801db"
dependencies = [
 "autocfg 1.0.1",
 "num-traits",
]

[[package]]
name = "num-traits"
version = "0.2.14"
source = "registry+https://github.com/rust-lang/crates.io-index"
checksum = "9a64b1ec5cda2586e284722486d802acf1f7dbdc623e2bfc57e65ca1cd099290"
dependencies = [
 "autocfg 1.0.1",
]

[[package]]
name = "object"
version = "0.23.0"
source = "registry+https://github.com/rust-lang/crates.io-index"
checksum = "a9a7ab5d64814df0fe4a4b5ead45ed6c5f181ee3ff04ba344313a6c80446c5d4"

[[package]]
name = "once_cell"
version = "1.7.2"
source = "registry+https://github.com/rust-lang/crates.io-index"
checksum = "af8b08b04175473088b46763e51ee54da5f9a164bc162f615b91bc179dbf15a3"

[[package]]
name = "opaque-debug"
version = "0.2.3"
source = "registry+https://github.com/rust-lang/crates.io-index"
checksum = "2839e79665f131bdb5782e51f2c6c9599c133c6098982a54c794358bf432529c"

[[package]]
name = "opaque-debug"
version = "0.3.0"
source = "registry+https://github.com/rust-lang/crates.io-index"
checksum = "624a8340c38c1b80fd549087862da4ba43e08858af025b236e509b6649fc13d5"

[[package]]
name = "parking_lot"
version = "0.10.2"
source = "registry+https://github.com/rust-lang/crates.io-index"
checksum = "d3a704eb390aafdc107b0e392f56a82b668e3a71366993b5340f5833fd62505e"
dependencies = [
 "lock_api 0.3.4",
 "parking_lot_core 0.7.2",
]

[[package]]
name = "parking_lot"
version = "0.11.1"
source = "registry+https://github.com/rust-lang/crates.io-index"
checksum = "6d7744ac029df22dca6284efe4e898991d28e3085c706c972bcd7da4a27a15eb"
dependencies = [
 "instant",
 "lock_api 0.4.4",
 "parking_lot_core 0.8.3",
]

[[package]]
name = "parking_lot_core"
version = "0.7.2"
source = "registry+https://github.com/rust-lang/crates.io-index"
checksum = "d58c7c768d4ba344e3e8d72518ac13e259d7c7ade24167003b8488e10b6740a3"
dependencies = [
 "cfg-if 0.1.10",
 "cloudabi",
 "libc",
 "redox_syscall 0.1.57",
 "smallvec",
 "winapi",
]

[[package]]
name = "parking_lot_core"
version = "0.8.3"
source = "registry+https://github.com/rust-lang/crates.io-index"
checksum = "fa7a782938e745763fe6907fc6ba86946d72f49fe7e21de074e08128a99fb018"
dependencies = [
 "cfg-if 1.0.0",
 "instant",
 "libc",
 "redox_syscall 0.2.8",
 "smallvec",
 "winapi",
]

[[package]]
name = "paste"
version = "1.0.5"
source = "registry+https://github.com/rust-lang/crates.io-index"
checksum = "acbf547ad0c65e31259204bd90935776d1c693cec2f4ff7abb7a1bbbd40dfe58"

[[package]]
name = "pin-project-lite"
version = "0.2.6"
source = "registry+https://github.com/rust-lang/crates.io-index"
checksum = "dc0e1f259c92177c30a4c9d177246edd0a3568b25756a977d0632cf8fa37e905"

[[package]]
name = "ppv-lite86"
version = "0.2.10"
source = "registry+https://github.com/rust-lang/crates.io-index"
checksum = "ac74c624d6b2d21f425f752262f42188365d7b8ff1aff74c82e45136510a4857"

[[package]]
name = "proc-macro2"
version = "0.4.30"
source = "registry+https://github.com/rust-lang/crates.io-index"
checksum = "cf3d2011ab5c909338f7887f4fc896d35932e29146c12c8d01da6b22a80ba759"
dependencies = [
 "unicode-xid 0.1.0",
]

[[package]]
name = "proc-macro2"
version = "1.0.24"
source = "registry+https://github.com/rust-lang/crates.io-index"
checksum = "1e0704ee1a7e00d7bb417d0770ea303c1bccbabf0ef1667dae92b5967f5f8a71"
dependencies = [
 "unicode-xid 0.2.1",
]

[[package]]
name = "quote"
version = "0.6.13"
source = "registry+https://github.com/rust-lang/crates.io-index"
checksum = "6ce23b6b870e8f94f81fb0a363d65d86675884b34a09043c81e5562f11c1f8e1"
dependencies = [
 "proc-macro2 0.4.30",
]

[[package]]
name = "quote"
version = "1.0.9"
source = "registry+https://github.com/rust-lang/crates.io-index"
checksum = "c3d0b9745dc2debf507c8422de05d7226cc1f0644216dfdfead988f9b1ab32a7"
dependencies = [
 "proc-macro2 1.0.24",
]

[[package]]
name = "rand"
version = "0.6.5"
source = "registry+https://github.com/rust-lang/crates.io-index"
checksum = "6d71dacdc3c88c1fde3885a3be3fbab9f35724e6ce99467f7d9c5026132184ca"
dependencies = [
 "autocfg 0.1.7",
 "libc",
 "rand_chacha 0.1.1",
 "rand_core 0.4.2",
 "rand_hc 0.1.0",
 "rand_isaac",
 "rand_jitter",
 "rand_os",
 "rand_pcg",
 "rand_xorshift",
 "winapi",
]

[[package]]
name = "rand"
version = "0.7.3"
source = "registry+https://github.com/rust-lang/crates.io-index"
checksum = "6a6b1679d49b24bbfe0c803429aa1874472f50d9b363131f0e89fc356b544d03"
dependencies = [
 "getrandom",
 "libc",
 "rand_chacha 0.2.2",
 "rand_core 0.5.1",
 "rand_hc 0.2.0",
]

[[package]]
name = "rand_chacha"
version = "0.1.1"
source = "registry+https://github.com/rust-lang/crates.io-index"
checksum = "556d3a1ca6600bfcbab7c7c91ccb085ac7fbbcd70e008a98742e7847f4f7bcef"
dependencies = [
 "autocfg 0.1.7",
 "rand_core 0.3.1",
]

[[package]]
name = "rand_chacha"
version = "0.2.2"
source = "registry+https://github.com/rust-lang/crates.io-index"
checksum = "f4c8ed856279c9737206bf725bf36935d8666ead7aa69b52be55af369d193402"
dependencies = [
 "ppv-lite86",
 "rand_core 0.5.1",
]

[[package]]
name = "rand_core"
version = "0.3.1"
source = "registry+https://github.com/rust-lang/crates.io-index"
checksum = "7a6fdeb83b075e8266dcc8762c22776f6877a63111121f5f8c7411e5be7eed4b"
dependencies = [
 "rand_core 0.4.2",
]

[[package]]
name = "rand_core"
version = "0.4.2"
source = "registry+https://github.com/rust-lang/crates.io-index"
checksum = "9c33a3c44ca05fa6f1807d8e6743f3824e8509beca625669633be0acbdf509dc"

[[package]]
name = "rand_core"
version = "0.5.1"
source = "registry+https://github.com/rust-lang/crates.io-index"
checksum = "90bde5296fc891b0cef12a6d03ddccc162ce7b2aff54160af9338f8d40df6d19"
dependencies = [
 "getrandom",
]

[[package]]
name = "rand_hc"
version = "0.1.0"
source = "registry+https://github.com/rust-lang/crates.io-index"
checksum = "7b40677c7be09ae76218dc623efbf7b18e34bced3f38883af07bb75630a21bc4"
dependencies = [
 "rand_core 0.3.1",
]

[[package]]
name = "rand_hc"
version = "0.2.0"
source = "registry+https://github.com/rust-lang/crates.io-index"
checksum = "ca3129af7b92a17112d59ad498c6f81eaf463253766b90396d39ea7a39d6613c"
dependencies = [
 "rand_core 0.5.1",
]

[[package]]
name = "rand_isaac"
version = "0.1.1"
source = "registry+https://github.com/rust-lang/crates.io-index"
checksum = "ded997c9d5f13925be2a6fd7e66bf1872597f759fd9dd93513dd7e92e5a5ee08"
dependencies = [
 "rand_core 0.3.1",
]

[[package]]
name = "rand_jitter"
version = "0.1.4"
source = "registry+https://github.com/rust-lang/crates.io-index"
checksum = "1166d5c91dc97b88d1decc3285bb0a99ed84b05cfd0bc2341bdf2d43fc41e39b"
dependencies = [
 "libc",
 "rand_core 0.4.2",
 "winapi",
]

[[package]]
name = "rand_os"
version = "0.1.3"
source = "registry+https://github.com/rust-lang/crates.io-index"
checksum = "7b75f676a1e053fc562eafbb47838d67c84801e38fc1ba459e8f180deabd5071"
dependencies = [
 "cloudabi",
 "fuchsia-cprng",
 "libc",
 "rand_core 0.4.2",
 "rdrand",
 "winapi",
]

[[package]]
name = "rand_pcg"
version = "0.1.2"
source = "registry+https://github.com/rust-lang/crates.io-index"
checksum = "abf9b09b01790cfe0364f52bf32995ea3c39f4d2dd011eac241d2914146d0b44"
dependencies = [
 "autocfg 0.1.7",
 "rand_core 0.4.2",
]

[[package]]
name = "rand_xorshift"
version = "0.1.1"
source = "registry+https://github.com/rust-lang/crates.io-index"
checksum = "cbf7e9e623549b0e21f6e97cf8ecf247c1a8fd2e8a992ae265314300b2455d5c"
dependencies = [
 "rand_core 0.3.1",
]

[[package]]
name = "rdrand"
version = "0.4.0"
source = "registry+https://github.com/rust-lang/crates.io-index"
checksum = "678054eb77286b51581ba43620cc911abf02758c91f93f479767aed0f90458b2"
dependencies = [
 "rand_core 0.3.1",
]

[[package]]
name = "redox_syscall"
version = "0.1.57"
source = "registry+https://github.com/rust-lang/crates.io-index"
checksum = "41cc0f7e4d5d4544e8861606a285bb08d3e70712ccc7d2b84d7c0ccfaf4b05ce"

[[package]]
name = "redox_syscall"
version = "0.2.8"
source = "registry+https://github.com/rust-lang/crates.io-index"
checksum = "742739e41cd49414de871ea5e549afb7e2a3ac77b589bcbebe8c82fab37147fc"
dependencies = [
 "bitflags",
]

[[package]]
name = "regex"
version = "1.4.5"
source = "registry+https://github.com/rust-lang/crates.io-index"
checksum = "957056ecddbeba1b26965114e191d2e8589ce74db242b6ea25fc4062427a5c19"
dependencies = [
 "regex-syntax",
]

[[package]]
name = "regex-automata"
version = "0.1.9"
source = "registry+https://github.com/rust-lang/crates.io-index"
checksum = "ae1ded71d66a4a97f5e961fd0cb25a5f366a42a41570d16a763a69c092c26ae4"
dependencies = [
 "byteorder",
 "regex-syntax",
]

[[package]]
name = "regex-syntax"
version = "0.6.23"
source = "registry+https://github.com/rust-lang/crates.io-index"
checksum = "24d5f089152e60f62d28b835fbff2cd2e8dc0baf1ac13343bef92ab7eed84548"

[[package]]
name = "rmp"
version = "0.8.10"
source = "registry+https://github.com/rust-lang/crates.io-index"
checksum = "4f55e5fa1446c4d5dd1f5daeed2a4fe193071771a2636274d0d7a3b082aa7ad6"
dependencies = [
 "byteorder",
 "num-traits",
]

[[package]]
name = "rmp-serde"
version = "0.15.4"
source = "registry+https://github.com/rust-lang/crates.io-index"
checksum = "839395ef53057db96b84c9238ab29e1a13f2e5c8ec9f66bef853ab4197303924"
dependencies = [
 "byteorder",
 "rmp",
 "serde",
]

[[package]]
name = "rustc-demangle"
version = "0.1.18"
source = "registry+https://github.com/rust-lang/crates.io-index"
checksum = "6e3bad0ee36814ca07d7968269dd4b7ec89ec2da10c4bb613928d3077083c232"

[[package]]
name = "ryu"
version = "1.0.5"
source = "registry+https://github.com/rust-lang/crates.io-index"
checksum = "71d301d4193d031abdd79ff7e3dd721168a9572ef3fe51a1517aba235bd8f86e"

[[package]]
name = "scopeguard"
version = "1.1.0"
source = "registry+https://github.com/rust-lang/crates.io-index"
checksum = "d29ab0c6d3fc0ee92fe66e2d99f700eab17a8d57d1c1d3b748380fb20baa78cd"

[[package]]
name = "serde"
version = "1.0.123"
source = "registry+https://github.com/rust-lang/crates.io-index"
checksum = "92d5161132722baa40d802cc70b15262b98258453e85e5d1d365c757c73869ae"
dependencies = [
 "serde_derive",
]

[[package]]
name = "serde-transcode"
version = "1.1.0"
source = "registry+https://github.com/rust-lang/crates.io-index"
checksum = "97528f0dfcf8ce2d51d995cb513a103b9cd301dc3f387a9cae5ef974381d4e1c"
dependencies = [
 "serde",
]

[[package]]
name = "serde_bytes"
version = "0.11.5"
source = "registry+https://github.com/rust-lang/crates.io-index"
checksum = "16ae07dd2f88a366f15bd0632ba725227018c69a1c8550a927324f8eb8368bb9"
dependencies = [
 "serde",
]

[[package]]
name = "serde_derive"
version = "1.0.123"
source = "registry+https://github.com/rust-lang/crates.io-index"
checksum = "9391c295d64fc0abb2c556bad848f33cb8296276b1ad2677d1ae1ace4f258f31"
dependencies = [
 "proc-macro2 1.0.24",
 "quote 1.0.9",
 "syn 1.0.67",
]

[[package]]
name = "serde_json"
version = "1.0.64"
source = "registry+https://github.com/rust-lang/crates.io-index"
checksum = "799e97dc9fdae36a5c8b8f2cae9ce2ee9fdce2058c57a93e6099d919fd982f79"
dependencies = [
 "indexmap",
 "itoa",
 "ryu",
 "serde",
]

[[package]]
name = "sha2"
version = "0.8.2"
source = "registry+https://github.com/rust-lang/crates.io-index"
checksum = "a256f46ea78a0c0d9ff00077504903ac881a1dafdc20da66545699e7776b3e69"
dependencies = [
 "block-buffer 0.7.3",
 "digest 0.8.1",
 "fake-simd",
 "opaque-debug 0.2.3",
]

[[package]]
name = "sha2"
version = "0.9.3"
source = "registry+https://github.com/rust-lang/crates.io-index"
checksum = "fa827a14b29ab7f44778d14a88d3cb76e949c45083f7dbfa507d0cb699dc12de"
dependencies = [
 "block-buffer 0.9.0",
 "cfg-if 1.0.0",
 "cpuid-bool",
 "digest 0.9.0",
 "opaque-debug 0.3.0",
]

[[package]]
name = "sharded-slab"
version = "0.1.1"
source = "registry+https://github.com/rust-lang/crates.io-index"
checksum = "79c719719ee05df97490f80a45acfc99e5a30ce98a1e4fb67aee422745ae14e3"
dependencies = [
 "lazy_static",
]

[[package]]
name = "shrinkwraprs"
version = "0.3.0"
source = "registry+https://github.com/rust-lang/crates.io-index"
checksum = "e63e6744142336dfb606fe2b068afa2e1cca1ee6a5d8377277a92945d81fa331"
dependencies = [
 "bitflags",
 "itertools",
 "proc-macro2 1.0.24",
 "quote 1.0.9",
 "syn 1.0.67",
]

[[package]]
name = "signature"
version = "1.3.0"
source = "registry+https://github.com/rust-lang/crates.io-index"
checksum = "0f0242b8e50dd9accdd56170e94ca1ebd223b098eb9c83539a6e367d0f36ae68"

[[package]]
name = "smallvec"
version = "1.6.1"
source = "registry+https://github.com/rust-lang/crates.io-index"
checksum = "fe0f37c9e8f3c5a4a66ad655a93c74daac4ad00c441533bf5c6e7990bb42604e"

[[package]]
name = "static_assertions"
version = "1.1.0"
source = "registry+https://github.com/rust-lang/crates.io-index"
checksum = "a2eb9349b6444b326872e140eb1cf5e7c522154d69e7a0ffb0fb81c06b37543f"

[[package]]
name = "strsim"
version = "0.9.3"
source = "registry+https://github.com/rust-lang/crates.io-index"
checksum = "6446ced80d6c486436db5c078dde11a9f73d42b57fb273121e160b84f63d894c"

[[package]]
name = "strum"
version = "0.15.0"
source = "registry+https://github.com/rust-lang/crates.io-index"
checksum = "e5d1c33039533f051704951680f1adfd468fd37ac46816ded0d9ee068e60f05f"

[[package]]
name = "strum"
version = "0.18.0"
source = "registry+https://github.com/rust-lang/crates.io-index"
checksum = "57bd81eb48f4c437cadc685403cad539345bf703d78e63707418431cecd4522b"

[[package]]
name = "strum_macros"
version = "0.15.0"
source = "registry+https://github.com/rust-lang/crates.io-index"
checksum = "47cd23f5c7dee395a00fa20135e2ec0fffcdfa151c56182966d7a3261343432e"
dependencies = [
 "heck",
 "proc-macro2 0.4.30",
 "quote 0.6.13",
 "syn 0.15.44",
]

[[package]]
name = "strum_macros"
version = "0.18.0"
source = "registry+https://github.com/rust-lang/crates.io-index"
checksum = "87c85aa3f8ea653bfd3ddf25f7ee357ee4d204731f6aa9ad04002306f6e2774c"
dependencies = [
 "heck",
 "proc-macro2 1.0.24",
 "quote 1.0.9",
 "syn 1.0.67",
]

[[package]]
name = "subtle"
version = "1.0.0"
source = "registry+https://github.com/rust-lang/crates.io-index"
checksum = "2d67a5a62ba6e01cb2192ff309324cb4875d0c451d55fe2319433abe7a05a8ee"

[[package]]
name = "subtle"
version = "2.4.0"
source = "registry+https://github.com/rust-lang/crates.io-index"
checksum = "1e81da0851ada1f3e9d4312c704aa4f8806f0f9d69faaf8df2f3464b4a9437c2"

[[package]]
name = "syn"
version = "0.15.44"
source = "registry+https://github.com/rust-lang/crates.io-index"
checksum = "9ca4b3b69a77cbe1ffc9e198781b7acb0c7365a883670e8f1c1bc66fba79a5c5"
dependencies = [
 "proc-macro2 0.4.30",
 "quote 0.6.13",
 "unicode-xid 0.1.0",
]

[[package]]
name = "syn"
version = "1.0.67"
source = "registry+https://github.com/rust-lang/crates.io-index"
checksum = "6498a9efc342871f91cc2d0d694c674368b4ceb40f62b65a7a08c3792935e702"
dependencies = [
 "proc-macro2 1.0.24",
 "quote 1.0.9",
 "unicode-xid 0.2.1",
]

[[package]]
name = "synstructure"
version = "0.12.4"
source = "registry+https://github.com/rust-lang/crates.io-index"
checksum = "b834f2d66f734cb897113e34aaff2f1ab4719ca946f9a7358dba8f8064148701"
dependencies = [
 "proc-macro2 1.0.24",
 "quote 1.0.9",
 "syn 1.0.67",
 "unicode-xid 0.2.1",
]

[[package]]
name = "thiserror"
version = "1.0.24"
source = "registry+https://github.com/rust-lang/crates.io-index"
checksum = "e0f4a65597094d4483ddaed134f409b2cb7c1beccf25201a9f73c719254fa98e"
dependencies = [
 "thiserror-impl",
]

[[package]]
name = "thiserror-impl"
version = "1.0.24"
source = "registry+https://github.com/rust-lang/crates.io-index"
checksum = "7765189610d8241a44529806d6fd1f2e0a08734313a35d5b3a556f92b381f3c0"
dependencies = [
 "proc-macro2 1.0.24",
 "quote 1.0.9",
 "syn 1.0.67",
]

[[package]]
name = "thread_local"
version = "1.1.3"
source = "registry+https://github.com/rust-lang/crates.io-index"
checksum = "8018d24e04c95ac8790716a5987d0fec4f8b27249ffa0f7d33f1369bdfb88cbd"
dependencies = [
 "once_cell",
]

[[package]]
name = "time"
version = "0.1.44"
source = "registry+https://github.com/rust-lang/crates.io-index"
checksum = "6db9e6914ab8b1ae1c260a4ae7a49b6c5611b40328a735b21862567685e73255"
dependencies = [
 "libc",
 "wasi 0.10.0+wasi-snapshot-preview1",
 "winapi",
]

[[package]]
name = "tracing"
version = "0.1.25"
source = "registry+https://github.com/rust-lang/crates.io-index"
checksum = "01ebdc2bb4498ab1ab5f5b73c5803825e60199229ccba0698170e3be0e7f959f"
dependencies = [
 "cfg-if 1.0.0",
 "pin-project-lite",
 "tracing-attributes",
 "tracing-core",
]

[[package]]
name = "tracing-attributes"
version = "0.1.15"
source = "registry+https://github.com/rust-lang/crates.io-index"
checksum = "c42e6fa53307c8a17e4ccd4dc81cf5ec38db9209f59b222210375b54ee40d1e2"
dependencies = [
 "proc-macro2 1.0.24",
 "quote 1.0.9",
 "syn 1.0.67",
]

[[package]]
name = "tracing-core"
version = "0.1.17"
source = "registry+https://github.com/rust-lang/crates.io-index"
checksum = "f50de3927f93d202783f4513cda820ab47ef17f624b03c096e86ef00c67e6b5f"
dependencies = [
 "lazy_static",
]

[[package]]
name = "tracing-log"
version = "0.1.2"
source = "registry+https://github.com/rust-lang/crates.io-index"
checksum = "a6923477a48e41c1951f1999ef8bb5a3023eb723ceadafe78ffb65dc366761e3"
dependencies = [
 "lazy_static",
 "log",
 "tracing-core",
]

[[package]]
name = "tracing-serde"
version = "0.1.2"
source = "registry+https://github.com/rust-lang/crates.io-index"
checksum = "fb65ea441fbb84f9f6748fd496cf7f63ec9af5bca94dd86456978d055e8eb28b"
dependencies = [
 "serde",
 "tracing-core",
]

[[package]]
name = "tracing-subscriber"
version = "0.2.17"
source = "registry+https://github.com/rust-lang/crates.io-index"
checksum = "705096c6f83bf68ea5d357a6aa01829ddbdac531b357b45abeca842938085baa"
dependencies = [
 "ansi_term",
 "chrono",
 "lazy_static",
 "matchers",
 "regex",
 "serde",
 "serde_json",
 "sharded-slab",
 "smallvec",
 "thread_local",
 "tracing",
 "tracing-core",
 "tracing-log",
 "tracing-serde",
]

[[package]]
name = "typenum"
version = "1.13.0"
source = "registry+https://github.com/rust-lang/crates.io-index"
checksum = "879f6906492a7cd215bfa4cf595b600146ccfac0c79bcbd1f3000162af5e8b06"

[[package]]
name = "unicode-segmentation"
version = "1.7.1"
source = "registry+https://github.com/rust-lang/crates.io-index"
checksum = "bb0d2e7be6ae3a5fa87eed5fb451aff96f2573d2694942e40543ae0bbe19c796"

[[package]]
name = "unicode-xid"
version = "0.1.0"
source = "registry+https://github.com/rust-lang/crates.io-index"
checksum = "fc72304796d0818e357ead4e000d19c9c174ab23dc11093ac919054d20a6a7fc"

[[package]]
name = "unicode-xid"
version = "0.2.1"
source = "registry+https://github.com/rust-lang/crates.io-index"
checksum = "f7fe0bb3479651439c9112f72b6c505038574c9fbb575ed1bf3b797fa39dd564"

[[package]]
name = "version_check"
version = "0.9.3"
source = "registry+https://github.com/rust-lang/crates.io-index"
checksum = "5fecdca9a5291cc2b8dcf7dc02453fee791a280f3743cb0905f8822ae463b3fe"

[[package]]
name = "void"
version = "1.0.2"
source = "registry+https://github.com/rust-lang/crates.io-index"
checksum = "6a02e4885ed3bc0f2de90ea6dd45ebcbb66dacffe03547fadbb0eeae2770887d"

[[package]]
name = "wasi"
version = "0.9.0+wasi-snapshot-preview1"
source = "registry+https://github.com/rust-lang/crates.io-index"
checksum = "cccddf32554fecc6acb585f82a32a72e28b48f8c4c1883ddfeeeaa96f7d8e519"

[[package]]
name = "wasi"
version = "0.10.0+wasi-snapshot-preview1"
source = "registry+https://github.com/rust-lang/crates.io-index"
checksum = "1a143597ca7c7793eff794def352d41792a93c481eb1042423ff7ff72ba2c31f"

[[package]]
name = "winapi"
version = "0.3.9"
source = "registry+https://github.com/rust-lang/crates.io-index"
checksum = "5c839a674fcd7a98952e593242ea400abe93992746761e38641405d28b00f419"
dependencies = [
 "winapi-i686-pc-windows-gnu",
 "winapi-x86_64-pc-windows-gnu",
]

[[package]]
name = "winapi-i686-pc-windows-gnu"
version = "0.4.0"
source = "registry+https://github.com/rust-lang/crates.io-index"
checksum = "ac3b87c63620426dd9b991e5ce0329eff545bccbbb34f3be09ff6fb6ab51b7b6"

[[package]]
name = "winapi-x86_64-pc-windows-gnu"
version = "0.4.0"
source = "registry+https://github.com/rust-lang/crates.io-index"
checksum = "712e227841d057c1ee1cd2fb22fa7e5a5461ae8e48fa2ca79ec42cfc1931183f"

[[package]]
name = "zeroize"
version = "1.2.0"
source = "registry+https://github.com/rust-lang/crates.io-index"
checksum = "81a974bcdd357f0dca4d41677db03436324d45a4c9ed2d0b873a5a360ce41c36"
dependencies = [
 "zeroize_derive",
]

[[package]]
name = "zeroize_derive"
version = "1.0.1"
source = "registry+https://github.com/rust-lang/crates.io-index"
checksum = "c3f369ddb18862aba61aa49bf31e74d29f0f162dec753063200e1dc084345d16"
dependencies = [
 "proc-macro2 1.0.24",
 "quote 1.0.9",
 "syn 1.0.67",
 "synstructure",
]
